
Microsoft Visual Studio Solution File, Format Version 12.00
# Visual Studio Version 17
VisualStudioVersion = 17.9.34728.123
MinimumVisualStudioVersion = 10.0.40219.1
Project("{9A19103F-16F7-4668-BE54-9A1E7A4F7556}") = "SubstringCount", "SubstringCount.csproj", "{9104586E-0C93-4DC9-AC5A-68E9BB19F516}"
EndProject
Project("{9A19103F-16F7-4668-BE54-9A1E7A4F7556}") = "GreatestProduct", "..\GreatestProduct\GreatestProduct.csproj", "{4BAE3FC2-6AC1-4BB1-BD4F-FC27DD1FFD6B}"
EndProject
Project("{9A19103F-16F7-4668-BE54-9A1E7A4F7556}") = "FloatConvert", "..\FloatConvert\FloatConvert.csproj", "{A59E950A-DF72-4031-8B30-5AED69EE187E}"
EndProject
Project("{9A19103F-16F7-4668-BE54-9A1E7A4F7556}") = "SubString Test", "..\SubString Test\SubString Test.csproj", "{C9F7CAD2-4310-4958-92EF-61B25919AB86}"
EndProject
Project("{FAE04EC0-301F-11D3-BF4B-00C04F79EFBC}") = "GreatProdTest", "..\GreatProdTest\GreatProdTest.csproj", "{5F4D310D-8FAC-4E0A-82BD-194F2E6FB34D}"
EndProject
Project("{FAE04EC0-301F-11D3-BF4B-00C04F79EFBC}") = "FloatConvertTest", "..\FloatConvertTest\FloatConvertTest.csproj", "{2D3A5AE1-86EC-4582-A421-4BFA85DF8C8D}"
EndProject
Global
	GlobalSection(SolutionConfigurationPlatforms) = preSolution
		Debug|Any CPU = Debug|Any CPU
		Release|Any CPU = Release|Any CPU
	EndGlobalSection
	GlobalSection(ProjectConfigurationPlatforms) = postSolution
		{9104586E-0C93-4DC9-AC5A-68E9BB19F516}.Debug|Any CPU.ActiveCfg = Debug|Any CPU
		{9104586E-0C93-4DC9-AC5A-68E9BB19F516}.Debug|Any CPU.Build.0 = Debug|Any CPU
		{9104586E-0C93-4DC9-AC5A-68E9BB19F516}.Release|Any CPU.ActiveCfg = Release|Any CPU
		{9104586E-0C93-4DC9-AC5A-68E9BB19F516}.Release|Any CPU.Build.0 = Release|Any CPU
		{4BAE3FC2-6AC1-4BB1-BD4F-FC27DD1FFD6B}.Debug|Any CPU.ActiveCfg = Debug|Any CPU
		{4BAE3FC2-6AC1-4BB1-BD4F-FC27DD1FFD6B}.Debug|Any CPU.Build.0 = Debug|Any CPU
		{4BAE3FC2-6AC1-4BB1-BD4F-FC27DD1FFD6B}.Release|Any CPU.ActiveCfg = Release|Any CPU
		{4BAE3FC2-6AC1-4BB1-BD4F-FC27DD1FFD6B}.Release|Any CPU.Build.0 = Release|Any CPU
		{A59E950A-DF72-4031-8B30-5AED69EE187E}.Debug|Any CPU.ActiveCfg = Debug|Any CPU
		{A59E950A-DF72-4031-8B30-5AED69EE187E}.Debug|Any CPU.Build.0 = Debug|Any CPU
		{A59E950A-DF72-4031-8B30-5AED69EE187E}.Release|Any CPU.ActiveCfg = Release|Any CPU
		{A59E950A-DF72-4031-8B30-5AED69EE187E}.Release|Any CPU.Build.0 = Release|Any CPU
		{C9F7CAD2-4310-4958-92EF-61B25919AB86}.Debug|Any CPU.ActiveCfg = Debug|Any CPU
		{C9F7CAD2-4310-4958-92EF-61B25919AB86}.Debug|Any CPU.Build.0 = Debug|Any CPU
		{C9F7CAD2-4310-4958-92EF-61B25919AB86}.Release|Any CPU.ActiveCfg = Release|Any CPU
		{C9F7CAD2-4310-4958-92EF-61B25919AB86}.Release|Any CPU.Build.0 = Release|Any CPU
		{5F4D310D-8FAC-4E0A-82BD-194F2E6FB34D}.Debug|Any CPU.ActiveCfg = Debug|Any CPU
		{5F4D310D-8FAC-4E0A-82BD-194F2E6FB34D}.Debug|Any CPU.Build.0 = Debug|Any CPU
		{5F4D310D-8FAC-4E0A-82BD-194F2E6FB34D}.Release|Any CPU.ActiveCfg = Release|Any CPU
		{5F4D310D-8FAC-4E0A-82BD-194F2E6FB34D}.Release|Any CPU.Build.0 = Release|Any CPU
		{2D3A5AE1-86EC-4582-A421-4BFA85DF8C8D}.Debug|Any CPU.ActiveCfg = Debug|Any CPU
		{2D3A5AE1-86EC-4582-A421-4BFA85DF8C8D}.Debug|Any CPU.Build.0 = Debug|Any CPU
		{2D3A5AE1-86EC-4582-A421-4BFA85DF8C8D}.Release|Any CPU.ActiveCfg = Release|Any CPU
		{2D3A5AE1-86EC-4582-A421-4BFA85DF8C8D}.Release|Any CPU.Build.0 = Release|Any CPU
	EndGlobalSection
	GlobalSection(SolutionProperties) = preSolution
		HideSolutionNode = FALSE
	EndGlobalSection
	GlobalSection(ExtensibilityGlobals) = postSolution
		SolutionGuid = {E68DD194-A811-4C79-8E44-B2A87D5A1212}
	EndGlobalSection
EndGlobal
